{
  "version": 4,
  "terraform_version": "1.12.1",
  "serial": 46,
  "lineage": "52baa4e8-c128-db81-e5c9-db83e1ee156e",
  "outputs": {},
  "resources": [
    {
      "mode": "data",
      "type": "yandex_compute_image",
      "name": "ubuntu_2404",
      "provider": "provider[\"registry.terraform.io/yandex-cloud/yandex\"]",
      "instances": [
        {
          "schema_version": 0,
          "attributes": {
            "created_at": "2025-09-01T11:05:51Z",
            "description": "Ubuntu 24.04 lts with oslogin  v20250829040521",
            "family": "ubuntu-2404-lts-oslogin",
            "folder_id": "standard-images",
            "hardware_generation": [
              {
                "generation2_features": [],
                "legacy_features": [
                  {
                    "pci_topology": "PCI_TOPOLOGY_V1"
                  }
                ]
              }
            ],
            "id": "fd8km89hm9t7kra2ut6h",
            "image_id": "fd8km89hm9t7kra2ut6h",
            "kms_key_id": null,
            "labels": {
              "version": "20250829040521",
              "x-hopper-operation-id": "d9p54ujg6725k6sljimu",
              "x-hopper-source-image-id": "fd8fqk836ohon3436ng4"
            },
            "min_disk_size": 10,
            "name": "ubuntu-2404-lts-oslogin-v20250901",
            "os_type": "linux",
            "pooled": true,
            "product_ids": [
              "f2eta3t5bveboeneverv"
            ],
            "size": 3,
            "status": "ready"
          },
          "sensitive_attributes": [],
          "identity_schema_version": 0
        }
      ]
    },
    {
      "mode": "managed",
      "type": "yandex_compute_instance",
      "name": "web",
      "provider": "provider[\"registry.terraform.io/yandex-cloud/yandex\"]",
      "instances": [
        {
          "index_key": 0,
          "schema_version": 1,
          "attributes": {
            "allow_recreate": null,
            "allow_stopping_for_update": null,
            "boot_disk": [
              {
                "auto_delete": true,
                "device_name": "fhmmemo8ti69doj1derq",
                "disk_id": "fhmmemo8ti69doj1derq",
                "initialize_params": [
                  {
                    "block_size": 4096,
                    "description": "",
                    "image_id": "fd8km89hm9t7kra2ut6h",
                    "kms_key_id": "",
                    "name": "",
                    "size": 10,
                    "snapshot_id": "",
                    "type": "network-hdd"
                  }
                ],
                "mode": "READ_WRITE"
              }
            ],
            "created_at": "2025-09-03T15:07:33Z",
            "description": "",
            "filesystem": [],
            "folder_id": "b1gnoes2tt751qfg2ckh",
            "fqdn": "web-1.ru-central1.internal",
            "gpu_cluster_id": "",
            "hardware_generation": [
              {
                "generation2_features": [],
                "legacy_features": [
                  {
                    "pci_topology": "PCI_TOPOLOGY_V1"
                  }
                ]
              }
            ],
            "hostname": "web-1",
            "id": "fhmjo4s64b9elfqm9igu",
            "labels": null,
            "local_disk": [],
            "maintenance_grace_period": "",
            "maintenance_policy": null,
            "metadata": {
              "serial-port-enable": "1",
              "user-data": "#cloud-config\nusers:\n  - name: user\n    groups: sudo\n    shell: /bin/bash\n    sudo: [\"ALL=(ALL) NOPASSWD:ALL\"]\n    ssh_authorized_keys:\n      - ssh-rsa AAAAB3NzaC1yc2EAAAADAQABAAACAQDhTCoCbPCZPS6hqyzF7XhWFc5gRZiYglL85hvMaorxHkAXyV+KtEinwp9jV7adLYCpDY+ZTb8ld1d14LaQkfXVoMpuCIwNJFta0PLzcJwhHKmBgEFDhC5SW985omsIz9dPwQ/WivAq3Q796EHGAwZXk1wYtay/t+ONZdzBAdyVCbnlbMPQgvTfqz3XbcvBxxbXWiMGVFkASmPVnJVTIzPkHBf8npLWK3kiKOfCFVGjZD+fwICsHq8S6s94hLtufEqhm+DEs1Y+1laGuUtvQYPPZ5ozlWeVfad6VQXoe6l+rMevaxvYZWItN/HtfVDGq8WVJmcLH6YsJcfQlVt1IZGfR6CsXHClMRPh41HuJCcrepbY5S5+syfarjMAN3DTdF1kItvJJaCzHKb4Qy7HHTkEPLBIgsfxCWEDLTc+S9297ybAwUWlbYUF8N1UY4jFCThsfuxx47xzauKrwInm6eu7KEiz4hLFP5CsKj8bio/LhsZg17M1n0ewPljaYCsTZ1f9aDj2CtWoQZAXPLgouJmuAnjZ1mDVonCThCaeTsAOiTP0U/lSN92VbyUnDCNUFQP/I6I/SRKK32CBY9dhd0RF9HNRnzutDkdgqa/kn/r8MsLLVNt2t8krvdQ/wPL6kevb/iAPfPGl8TTXIKpw7shdTIIPOYY7WXiGO+wdWWfGSQ== root@wolf-VirtualBox\n    lock_passwd: false\n    passwd: $6$iuEmTEYehDHJm1kB$o7x4SXniAuc7YBWx69qQDha2w2STpNseZbCRYdkh8TlckKKFO6LlOekJZNO907vw73RWrF8kyJDoWwA0RYC1c1\nssh_pwauth: true\ndisable_root: true\npackage_update: true\npackage_upgrade: true\npackages:\n  - nginx\n\nruncmd:\n  - systemctl start nginx\n  - systemctl enable nginx\n  - echo \"Nginx установлен и запущен через cloud-init\" \u003e\u003e /var/log/cloud-init.log\n\nchpasswd:\n  expire: false\n\n"
            },
            "metadata_options": [
              {
                "aws_v1_http_endpoint": 1,
                "aws_v1_http_token": 2,
                "gce_http_endpoint": 1,
                "gce_http_token": 1
              }
            ],
            "name": "web-1",
            "network_acceleration_type": "standard",
            "network_interface": [
              {
                "dns_record": [],
                "index": 0,
                "ip_address": "10.0.1.20",
                "ipv4": true,
                "ipv6": false,
                "ipv6_address": "",
                "ipv6_dns_record": [],
                "mac_address": "d0:0d:13:c1:38:62",
                "nat": false,
                "nat_dns_record": [],
                "nat_ip_address": "",
                "nat_ip_version": "",
                "security_group_ids": [
                  "enpjdj1b2go0n6jga6d8",
                  "enpv7a031umjkgpkhjt3"
                ],
                "subnet_id": "e9bkpcifd8deor3ludeh"
              }
            ],
            "placement_policy": [
              {
                "host_affinity_rules": [],
                "placement_group_id": "",
                "placement_group_partition": 0
              }
            ],
            "platform_id": "standard-v3",
            "resources": [
              {
                "core_fraction": 20,
                "cores": 2,
                "gpus": 0,
                "memory": 1
              }
            ],
            "scheduling_policy": [
              {
                "preemptible": true
              }
            ],
            "secondary_disk": [],
            "service_account_id": "",
            "status": "running",
            "timeouts": null,
            "zone": "ru-central1-a"
          },
          "sensitive_attributes": [],
          "identity_schema_version": 0,
          "private": "eyJlMmJmYjczMC1lY2FhLTExZTYtOGY4OC0zNDM2M2JjN2M0YzAiOnsiY3JlYXRlIjozMDAwMDAwMDAwMDAsImRlbGV0ZSI6MzAwMDAwMDAwMDAwLCJ1cGRhdGUiOjMwMDAwMDAwMDAwMH0sInNjaGVtYV92ZXJzaW9uIjoiMSJ9",
          "dependencies": [
            "data.yandex_compute_image.ubuntu_2404",
            "yandex_vpc_gateway.nat_gateway",
            "yandex_vpc_network.develop",
            "yandex_vpc_route_table.rt",
            "yandex_vpc_security_group.LAN",
            "yandex_vpc_security_group.web_sg",
            "yandex_vpc_subnet.develop_a"
          ]
        },
        {
          "index_key": 1,
          "schema_version": 1,
          "attributes": {
            "allow_recreate": null,
            "allow_stopping_for_update": null,
            "boot_disk": [
              {
                "auto_delete": true,
                "device_name": "fhmbcn708d6mjving2ku",
                "disk_id": "fhmbcn708d6mjving2ku",
                "initialize_params": [
                  {
                    "block_size": 4096,
                    "description": "",
                    "image_id": "fd8km89hm9t7kra2ut6h",
                    "kms_key_id": "",
                    "name": "",
                    "size": 10,
                    "snapshot_id": "",
                    "type": "network-hdd"
                  }
                ],
                "mode": "READ_WRITE"
              }
            ],
            "created_at": "2025-09-03T15:07:33Z",
            "description": "",
            "filesystem": [],
            "folder_id": "b1gnoes2tt751qfg2ckh",
            "fqdn": "web-2.ru-central1.internal",
            "gpu_cluster_id": "",
            "hardware_generation": [
              {
                "generation2_features": [],
                "legacy_features": [
                  {
                    "pci_topology": "PCI_TOPOLOGY_V1"
                  }
                ]
              }
            ],
            "hostname": "web-2",
            "id": "fhmjbbe00fn26pnqiqso",
            "labels": null,
            "local_disk": [],
            "maintenance_grace_period": "",
            "maintenance_policy": null,
            "metadata": {
              "serial-port-enable": "1",
              "user-data": "#cloud-config\nusers:\n  - name: user\n    groups: sudo\n    shell: /bin/bash\n    sudo: [\"ALL=(ALL) NOPASSWD:ALL\"]\n    ssh_authorized_keys:\n      - ssh-rsa AAAAB3NzaC1yc2EAAAADAQABAAACAQDhTCoCbPCZPS6hqyzF7XhWFc5gRZiYglL85hvMaorxHkAXyV+KtEinwp9jV7adLYCpDY+ZTb8ld1d14LaQkfXVoMpuCIwNJFta0PLzcJwhHKmBgEFDhC5SW985omsIz9dPwQ/WivAq3Q796EHGAwZXk1wYtay/t+ONZdzBAdyVCbnlbMPQgvTfqz3XbcvBxxbXWiMGVFkASmPVnJVTIzPkHBf8npLWK3kiKOfCFVGjZD+fwICsHq8S6s94hLtufEqhm+DEs1Y+1laGuUtvQYPPZ5ozlWeVfad6VQXoe6l+rMevaxvYZWItN/HtfVDGq8WVJmcLH6YsJcfQlVt1IZGfR6CsXHClMRPh41HuJCcrepbY5S5+syfarjMAN3DTdF1kItvJJaCzHKb4Qy7HHTkEPLBIgsfxCWEDLTc+S9297ybAwUWlbYUF8N1UY4jFCThsfuxx47xzauKrwInm6eu7KEiz4hLFP5CsKj8bio/LhsZg17M1n0ewPljaYCsTZ1f9aDj2CtWoQZAXPLgouJmuAnjZ1mDVonCThCaeTsAOiTP0U/lSN92VbyUnDCNUFQP/I6I/SRKK32CBY9dhd0RF9HNRnzutDkdgqa/kn/r8MsLLVNt2t8krvdQ/wPL6kevb/iAPfPGl8TTXIKpw7shdTIIPOYY7WXiGO+wdWWfGSQ== root@wolf-VirtualBox\n    lock_passwd: false\n    passwd: $6$iuEmTEYehDHJm1kB$o7x4SXniAuc7YBWx69qQDha2w2STpNseZbCRYdkh8TlckKKFO6LlOekJZNO907vw73RWrF8kyJDoWwA0RYC1c1\nssh_pwauth: true\ndisable_root: true\npackage_update: true\npackage_upgrade: true\npackages:\n  - nginx\n\nruncmd:\n  - systemctl start nginx\n  - systemctl enable nginx\n  - echo \"Nginx установлен и запущен через cloud-init\" \u003e\u003e /var/log/cloud-init.log\n\nchpasswd:\n  expire: false\n\n"
            },
            "metadata_options": [
              {
                "aws_v1_http_endpoint": 1,
                "aws_v1_http_token": 2,
                "gce_http_endpoint": 1,
                "gce_http_token": 1
              }
            ],
            "name": "web-2",
            "network_acceleration_type": "standard",
            "network_interface": [
              {
                "dns_record": [],
                "index": 0,
                "ip_address": "10.0.1.3",
                "ipv4": true,
                "ipv6": false,
                "ipv6_address": "",
                "ipv6_dns_record": [],
                "mac_address": "d0:0d:13:5a:dc:00",
                "nat": false,
                "nat_dns_record": [],
                "nat_ip_address": "",
                "nat_ip_version": "",
                "security_group_ids": [
                  "enpjdj1b2go0n6jga6d8",
                  "enpv7a031umjkgpkhjt3"
                ],
                "subnet_id": "e9bkpcifd8deor3ludeh"
              }
            ],
            "placement_policy": [
              {
                "host_affinity_rules": [],
                "placement_group_id": "",
                "placement_group_partition": 0
              }
            ],
            "platform_id": "standard-v3",
            "resources": [
              {
                "core_fraction": 20,
                "cores": 2,
                "gpus": 0,
                "memory": 1
              }
            ],
            "scheduling_policy": [
              {
                "preemptible": true
              }
            ],
            "secondary_disk": [],
            "service_account_id": "",
            "status": "running",
            "timeouts": null,
            "zone": "ru-central1-a"
          },
          "sensitive_attributes": [],
          "identity_schema_version": 0,
          "private": "eyJlMmJmYjczMC1lY2FhLTExZTYtOGY4OC0zNDM2M2JjN2M0YzAiOnsiY3JlYXRlIjozMDAwMDAwMDAwMDAsImRlbGV0ZSI6MzAwMDAwMDAwMDAwLCJ1cGRhdGUiOjMwMDAwMDAwMDAwMH0sInNjaGVtYV92ZXJzaW9uIjoiMSJ9",
          "dependencies": [
            "data.yandex_compute_image.ubuntu_2404",
            "yandex_vpc_gateway.nat_gateway",
            "yandex_vpc_network.develop",
            "yandex_vpc_route_table.rt",
            "yandex_vpc_security_group.LAN",
            "yandex_vpc_security_group.web_sg",
            "yandex_vpc_subnet.develop_a"
          ]
        }
      ]
    },
    {
      "mode": "managed",
      "type": "yandex_lb_network_load_balancer",
      "name": "nlb",
      "provider": "provider[\"registry.terraform.io/yandex-cloud/yandex\"]",
      "instances": [
        {
          "schema_version": 0,
          "attributes": {
            "allow_zonal_shift": false,
            "attached_target_group": [
              {
                "healthcheck": [
                  {
                    "healthy_threshold": 2,
                    "http_options": [
                      {
                        "path": "/",
                        "port": 80
                      }
                    ],
                    "interval": 2,
                    "name": "http-healthcheck",
                    "tcp_options": [],
                    "timeout": 1,
                    "unhealthy_threshold": 2
                  }
                ],
                "target_group_id": "enpdeniqol595612subn"
              }
            ],
            "created_at": "2025-09-03T15:08:17Z",
            "deletion_protection": false,
            "description": "",
            "folder_id": "b1gnoes2tt751qfg2ckh",
            "id": "enpfjsiabk5fg3pftnjj",
            "labels": null,
            "listener": [
              {
                "external_address_spec": [
                  {
                    "address": "158.160.184.25",
                    "ip_version": "ipv4"
                  }
                ],
                "internal_address_spec": [],
                "name": "http-listener",
                "port": 80,
                "protocol": "tcp",
                "target_port": 80
              }
            ],
            "name": "web-nlb-21-06",
            "region_id": "ru-central1",
            "timeouts": null,
            "type": "external"
          },
          "sensitive_attributes": [],
          "identity_schema_version": 0,
          "private": "eyJlMmJmYjczMC1lY2FhLTExZTYtOGY4OC0zNDM2M2JjN2M0YzAiOnsiY3JlYXRlIjozMDAwMDAwMDAwMDAsImRlbGV0ZSI6MzAwMDAwMDAwMDAwLCJ1cGRhdGUiOjMwMDAwMDAwMDAwMH19",
          "dependencies": [
            "data.yandex_compute_image.ubuntu_2404",
            "yandex_compute_instance.web",
            "yandex_lb_target_group.web_tg",
            "yandex_vpc_gateway.nat_gateway",
            "yandex_vpc_network.develop",
            "yandex_vpc_route_table.rt",
            "yandex_vpc_security_group.LAN",
            "yandex_vpc_security_group.web_sg",
            "yandex_vpc_subnet.develop_a"
          ]
        }
      ]
    },
    {
      "mode": "managed",
      "type": "yandex_lb_target_group",
      "name": "web_tg",
      "provider": "provider[\"registry.terraform.io/yandex-cloud/yandex\"]",
      "instances": [
        {
          "schema_version": 0,
          "attributes": {
            "created_at": "2025-09-03T15:08:15Z",
            "description": "",
            "folder_id": "b1gnoes2tt751qfg2ckh",
            "id": "enpdeniqol595612subn",
            "labels": null,
            "name": "web-target-group-21-06",
            "region_id": "ru-central1",
            "target": [
              {
                "address": "10.0.1.20",
                "subnet_id": "e9bkpcifd8deor3ludeh"
              },
              {
                "address": "10.0.1.3",
                "subnet_id": "e9bkpcifd8deor3ludeh"
              }
            ],
            "timeouts": null
          },
          "sensitive_attributes": [],
          "identity_schema_version": 0,
          "private": "eyJlMmJmYjczMC1lY2FhLTExZTYtOGY4OC0zNDM2M2JjN2M0YzAiOnsiY3JlYXRlIjozMDAwMDAwMDAwMDAsImRlbGV0ZSI6MzAwMDAwMDAwMDAwLCJ1cGRhdGUiOjMwMDAwMDAwMDAwMH19",
          "dependencies": [
            "data.yandex_compute_image.ubuntu_2404",
            "yandex_compute_instance.web",
            "yandex_vpc_gateway.nat_gateway",
            "yandex_vpc_network.develop",
            "yandex_vpc_route_table.rt",
            "yandex_vpc_security_group.LAN",
            "yandex_vpc_security_group.web_sg",
            "yandex_vpc_subnet.develop_a"
          ]
        }
      ]
    },
    {
      "mode": "managed",
      "type": "yandex_vpc_gateway",
      "name": "nat_gateway",
      "provider": "provider[\"registry.terraform.io/yandex-cloud/yandex\"]",
      "instances": [
        {
          "schema_version": 0,
          "attributes": {
            "created_at": "2025-09-03T15:07:18Z",
            "description": "",
            "folder_id": "b1gnoes2tt751qfg2ckh",
            "id": "enpkq1fj9jla3dklelks",
            "labels": {},
            "name": "fops-gateway-21-06",
            "shared_egress_gateway": [
              {}
            ],
            "timeouts": null
          },
          "sensitive_attributes": [],
          "identity_schema_version": 0,
          "private": "eyJlMmJmYjczMC1lY2FhLTExZTYtOGY4OC0zNDM2M2JjN2M0YzAiOnsiY3JlYXRlIjo2MDAwMDAwMDAwMCwiZGVsZXRlIjo2MDAwMDAwMDAwMCwidXBkYXRlIjo2MDAwMDAwMDAwMH19"
        }
      ]
    },
    {
      "mode": "managed",
      "type": "yandex_vpc_network",
      "name": "develop",
      "provider": "provider[\"registry.terraform.io/yandex-cloud/yandex\"]",
      "instances": [
        {
          "schema_version": 0,
          "attributes": {
            "created_at": "2025-09-03T15:07:18Z",
            "default_security_group_id": "enprbugk4suc5jgfbh9t",
            "description": "",
            "folder_id": "b1gnoes2tt751qfg2ckh",
            "id": "enpaf1uuum63fdbf3s92",
            "labels": {},
            "name": "develop-fops-21-06",
            "subnet_ids": [],
            "timeouts": null
          },
          "sensitive_attributes": [],
          "identity_schema_version": 0,
          "private": "eyJlMmJmYjczMC1lY2FhLTExZTYtOGY4OC0zNDM2M2JjN2M0YzAiOnsiY3JlYXRlIjo2MDAwMDAwMDAwMCwiZGVsZXRlIjo2MDAwMDAwMDAwMCwidXBkYXRlIjo2MDAwMDAwMDAwMH19"
        }
      ]
    },
    {
      "mode": "managed",
      "type": "yandex_vpc_route_table",
      "name": "rt",
      "provider": "provider[\"registry.terraform.io/yandex-cloud/yandex\"]",
      "instances": [
        {
          "schema_version": 0,
          "attributes": {
            "created_at": "2025-09-03T15:07:22Z",
            "description": "",
            "folder_id": "b1gnoes2tt751qfg2ckh",
            "id": "enprlsr6kt9nn7deskgn",
            "labels": {},
            "name": "fops-route-table-21-06",
            "network_id": "enpaf1uuum63fdbf3s92",
            "static_route": [
              {
                "destination_prefix": "0.0.0.0/0",
                "gateway_id": "enpkq1fj9jla3dklelks",
                "next_hop_address": ""
              }
            ],
            "timeouts": null
          },
          "sensitive_attributes": [],
          "identity_schema_version": 0,
          "private": "eyJlMmJmYjczMC1lY2FhLTExZTYtOGY4OC0zNDM2M2JjN2M0YzAiOnsiY3JlYXRlIjoxODAwMDAwMDAwMDAsImRlbGV0ZSI6MTgwMDAwMDAwMDAwLCJ1cGRhdGUiOjE4MDAwMDAwMDAwMH19",
          "dependencies": [
            "yandex_vpc_gateway.nat_gateway",
            "yandex_vpc_network.develop"
          ]
        }
      ]
    },
    {
      "mode": "managed",
      "type": "yandex_vpc_security_group",
      "name": "LAN",
      "provider": "provider[\"registry.terraform.io/yandex-cloud/yandex\"]",
      "instances": [
        {
          "schema_version": 0,
          "attributes": {
            "created_at": "2025-09-03T15:07:24Z",
            "description": "",
            "egress": [
              {
                "description": "Permit ANY",
                "from_port": 0,
                "id": "enpdr9f6oioj69vvaosi",
                "labels": {},
                "port": -1,
                "predefined_target": "",
                "protocol": "ANY",
                "security_group_id": "",
                "to_port": 65535,
                "v4_cidr_blocks": [
                  "0.0.0.0/0"
                ],
                "v6_cidr_blocks": []
              }
            ],
            "folder_id": "b1gnoes2tt751qfg2ckh",
            "id": "enpjdj1b2go0n6jga6d8",
            "ingress": [
              {
                "description": "Allow 10.0.0.0/8",
                "from_port": 0,
                "id": "enpvnre8dl3voso79o1m",
                "labels": {},
                "port": -1,
                "predefined_target": "",
                "protocol": "ANY",
                "security_group_id": "",
                "to_port": 65535,
                "v4_cidr_blocks": [
                  "10.0.0.0/8"
                ],
                "v6_cidr_blocks": []
              }
            ],
            "labels": {},
            "name": "LAN-sg-21-06",
            "network_id": "enpaf1uuum63fdbf3s92",
            "status": "ACTIVE",
            "timeouts": null
          },
          "sensitive_attributes": [],
          "identity_schema_version": 0,
          "private": "eyJlMmJmYjczMC1lY2FhLTExZTYtOGY4OC0zNDM2M2JjN2M0YzAiOnsiY3JlYXRlIjoxODAwMDAwMDAwMDAsImRlbGV0ZSI6MTgwMDAwMDAwMDAwLCJ1cGRhdGUiOjE4MDAwMDAwMDAwMH19",
          "dependencies": [
            "yandex_vpc_network.develop"
          ]
        }
      ]
    },
    {
      "mode": "managed",
      "type": "yandex_vpc_security_group",
      "name": "bastion",
      "provider": "provider[\"registry.terraform.io/yandex-cloud/yandex\"]",
      "instances": [
        {
          "schema_version": 0,
          "attributes": {
            "created_at": "2025-09-03T15:07:28Z",
            "description": "",
            "egress": [
              {
                "description": "Permit ANY",
                "from_port": 0,
                "id": "enpel9etgm4185ugnu98",
                "labels": {},
                "port": -1,
                "predefined_target": "",
                "protocol": "ANY",
                "security_group_id": "",
                "to_port": 65535,
                "v4_cidr_blocks": [
                  "0.0.0.0/0"
                ],
                "v6_cidr_blocks": []
              }
            ],
            "folder_id": "b1gnoes2tt751qfg2ckh",
            "id": "enpvk3u31n9qbkdjtoev",
            "ingress": [
              {
                "description": "Allow 0.0.0.0/0",
                "from_port": -1,
                "id": "enp9b74paink3gcbjs5g",
                "labels": {},
                "port": 22,
                "predefined_target": "",
                "protocol": "TCP",
                "security_group_id": "",
                "to_port": -1,
                "v4_cidr_blocks": [
                  "0.0.0.0/0"
                ],
                "v6_cidr_blocks": []
              }
            ],
            "labels": {},
            "name": "bastion-sg-21-06",
            "network_id": "enpaf1uuum63fdbf3s92",
            "status": "ACTIVE",
            "timeouts": null
          },
          "sensitive_attributes": [],
          "identity_schema_version": 0,
          "private": "eyJlMmJmYjczMC1lY2FhLTExZTYtOGY4OC0zNDM2M2JjN2M0YzAiOnsiY3JlYXRlIjoxODAwMDAwMDAwMDAsImRlbGV0ZSI6MTgwMDAwMDAwMDAwLCJ1cGRhdGUiOjE4MDAwMDAwMDAwMH19",
          "dependencies": [
            "yandex_vpc_network.develop"
          ]
        }
      ]
    },
    {
      "mode": "managed",
      "type": "yandex_vpc_security_group",
      "name": "web_sg",
      "provider": "provider[\"registry.terraform.io/yandex-cloud/yandex\"]",
      "instances": [
        {
          "schema_version": 0,
          "attributes": {
            "created_at": "2025-09-03T15:07:31Z",
            "description": "",
            "egress": [],
            "folder_id": "b1gnoes2tt751qfg2ckh",
            "id": "enpv7a031umjkgpkhjt3",
            "ingress": [
              {
                "description": "Allow HTTP",
                "from_port": -1,
                "id": "enpmpep5am9f6uhahpoe",
                "labels": {},
                "port": 80,
                "predefined_target": "",
                "protocol": "TCP",
                "security_group_id": "",
                "to_port": -1,
                "v4_cidr_blocks": [
                  "0.0.0.0/0"
                ],
                "v6_cidr_blocks": []
              },
              {
                "description": "Allow HTTPS",
                "from_port": -1,
                "id": "enp0g4vjqu0nbhu2v2t6",
                "labels": {},
                "port": 443,
                "predefined_target": "",
                "protocol": "TCP",
                "security_group_id": "",
                "to_port": -1,
                "v4_cidr_blocks": [
                  "0.0.0.0/0"
                ],
                "v6_cidr_blocks": []
              }
            ],
            "labels": {},
            "name": "web-sg-21-06",
            "network_id": "enpaf1uuum63fdbf3s92",
            "status": "ACTIVE",
            "timeouts": null
          },
          "sensitive_attributes": [],
          "identity_schema_version": 0,
          "private": "eyJlMmJmYjczMC1lY2FhLTExZTYtOGY4OC0zNDM2M2JjN2M0YzAiOnsiY3JlYXRlIjoxODAwMDAwMDAwMDAsImRlbGV0ZSI6MTgwMDAwMDAwMDAwLCJ1cGRhdGUiOjE4MDAwMDAwMDAwMH19",
          "dependencies": [
            "yandex_vpc_network.develop"
          ]
        }
      ]
    },
    {
      "mode": "managed",
      "type": "yandex_vpc_subnet",
      "name": "develop_a",
      "provider": "provider[\"registry.terraform.io/yandex-cloud/yandex\"]",
      "instances": [
        {
          "schema_version": 0,
          "attributes": {
            "created_at": "2025-09-03T15:07:24Z",
            "description": "",
            "dhcp_options": [],
            "folder_id": "b1gnoes2tt751qfg2ckh",
            "id": "e9bkpcifd8deor3ludeh",
            "labels": {},
            "name": "develop-fops-21-06-ru-central1-a",
            "network_id": "enpaf1uuum63fdbf3s92",
            "route_table_id": "enprlsr6kt9nn7deskgn",
            "timeouts": null,
            "v4_cidr_blocks": [
              "10.0.1.0/24"
            ],
            "v6_cidr_blocks": [],
            "zone": "ru-central1-a"
          },
          "sensitive_attributes": [],
          "identity_schema_version": 0,
          "private": "eyJlMmJmYjczMC1lY2FhLTExZTYtOGY4OC0zNDM2M2JjN2M0YzAiOnsiY3JlYXRlIjoxODAwMDAwMDAwMDAsImRlbGV0ZSI6MTgwMDAwMDAwMDAwLCJ1cGRhdGUiOjE4MDAwMDAwMDAwMH19",
          "dependencies": [
            "yandex_vpc_gateway.nat_gateway",
            "yandex_vpc_network.develop",
            "yandex_vpc_route_table.rt"
          ]
        }
      ]
    },
    {
      "mode": "managed",
      "type": "yandex_vpc_subnet",
      "name": "develop_b",
      "provider": "provider[\"registry.terraform.io/yandex-cloud/yandex\"]",
      "instances": [
        {
          "schema_version": 0,
          "attributes": {
            "created_at": "2025-09-03T15:07:23Z",
            "description": "",
            "dhcp_options": [],
            "folder_id": "b1gnoes2tt751qfg2ckh",
            "id": "e2lvs2br646thjrum53c",
            "labels": {},
            "name": "develop-fops-21-06-ru-central1-b",
            "network_id": "enpaf1uuum63fdbf3s92",
            "route_table_id": "enprlsr6kt9nn7deskgn",
            "timeouts": null,
            "v4_cidr_blocks": [
              "10.0.2.0/24"
            ],
            "v6_cidr_blocks": [],
            "zone": "ru-central1-b"
          },
          "sensitive_attributes": [],
          "identity_schema_version": 0,
          "private": "eyJlMmJmYjczMC1lY2FhLTExZTYtOGY4OC0zNDM2M2JjN2M0YzAiOnsiY3JlYXRlIjoxODAwMDAwMDAwMDAsImRlbGV0ZSI6MTgwMDAwMDAwMDAwLCJ1cGRhdGUiOjE4MDAwMDAwMDAwMH19",
          "dependencies": [
            "yandex_vpc_gateway.nat_gateway",
            "yandex_vpc_network.develop",
            "yandex_vpc_route_table.rt"
          ]
        }
      ]
    }
  ],
  "check_results": null
}
